
Microsoft Visual Studio Solution File, Format Version 12.00
# Visual Studio Version 16
VisualStudioVersion = 16.0.30011.22
MinimumVisualStudioVersion = 10.0.40219.1
Project("{FAE04EC0-301F-11D3-BF4B-00C04F79EFBC}") = "GymBookingSystem", "GymBookingSystem.csproj", "{99149800-0014-44D5-92F7-8B1770F6CA82}"
EndProject
Global
	GlobalSection(SolutionConfigurationPlatforms) = preSolution
		Debug|Any CPU = Debug|Any CPU
		Release|Any CPU = Release|Any CPU
	EndGlobalSection
	GlobalSection(ProjectConfigurationPlatforms) = postSolution
		{99149800-0014-44D5-92F7-8B1770F6CA82}.Debug|Any CPU.ActiveCfg = Debug|Any CPU
		{99149800-0014-44D5-92F7-8B1770F6CA82}.Debug|Any CPU.Build.0 = Debug|Any CPU
		{99149800-0014-44D5-92F7-8B1770F6CA82}.Release|Any CPU.ActiveCfg = Release|Any CPU
		{99149800-0014-44D5-92F7-8B1770F6CA82}.Release|Any CPU.Build.0 = Release|Any CPU
	EndGlobalSection
	GlobalSection(SolutionProperties) = preSolution
		HideSolutionNode = FALSE
	EndGlobalSection
	GlobalSection(ExtensibilityGlobals) = postSolution
		SolutionGuid = {CD0AB76C-AA30-49B6-A39C-C9FE82C62062}
	EndGlobalSection
EndGlobal
